PODS:
  - Alamofire (4.7.2)
  - SwiftLint (0.25.1)
  - youtube-ios-player-helper (0.1.6)
  - YouTubePlayer (0.4.0)

DEPENDENCIES:
  - Alamofire
  - SwiftLint
  - youtube-ios-player-helper (~> 0.1.1)
  - YouTubePlayer

SPEC CHECKSUMS:
  Alamofire: e4fa87002c137ba2d8d634d2c51fabcda0d5c223
  SwiftLint: ce933681be10c3266e82576dad676fa815a602e9
  youtube-ios-player-helper: 21ab92db027c7ff86cb17a3843a3f6eafc8158d2
  YouTubePlayer: 028451f6772f372d4759866db99824c676ac1473

PODFILE CHECKSUM: 2d0821a50e373b30b753eda0fa82ca4ff6eff0aa

COCOAPODS: 1.4.0
